{
  "name": "renderer",
  "lockfileVersion": 3,
  "requires": true,
  "packages": {
    "": {
      "dependencies": {
        "ast-voice-transcription-app": "file:../.."
      }
    },
    "../..": {
      "name": "ast-voice-transcription-app",
      "version": "1.0.0",
      "license": "MIT",
      "devDependencies": {
        "electron": "^38.1.2",
        "electron-builder": "^24.0.0"
      }
    },
    "node_modules/ast-voice-transcription-app": {
      "resolved": "../..",
      "link": true
    }
  }
}
